
Microsoft Visual Studio Solution File, Format Version 12.00
# Visual Studio Version 16
VisualStudioVersion = 16.0.31911.196
MinimumVisualStudioVersion = 10.0.40219.1
Project("{FAE04EC0-301F-11D3-BF4B-00C04F79EFBC}") = "TaskPlanne", "TaskPlanne\TaskPlanne.csproj", "{5BA561DC-4B7F-4EB2-AF31-11B3F7BB09E4}"
EndProject
Global
	GlobalSection(SolutionConfigurationPlatforms) = preSolution
		Debug|Any CPU = Debug|Any CPU
		Release|Any CPU = Release|Any CPU
	EndGlobalSection
	GlobalSection(ProjectConfigurationPlatforms) = postSolution
		{5BA561DC-4B7F-4EB2-AF31-11B3F7BB09E4}.Debug|Any CPU.ActiveCfg = Debug|Any CPU
		{5BA561DC-4B7F-4EB2-AF31-11B3F7BB09E4}.Debug|Any CPU.Build.0 = Debug|Any CPU
		{5BA561DC-4B7F-4EB2-AF31-11B3F7BB09E4}.Release|Any CPU.ActiveCfg = Release|Any CPU
		{5BA561DC-4B7F-4EB2-AF31-11B3F7BB09E4}.Release|Any CPU.Build.0 = Release|Any CPU
	EndGlobalSection
	GlobalSection(SolutionProperties) = preSolution
		HideSolutionNode = FALSE
	EndGlobalSection
	GlobalSection(ExtensibilityGlobals) = postSolution
		SolutionGuid = {EE6ABF68-5003-4F60-9C79-92CA1058C816}
	EndGlobalSection
EndGlobal
