
Microsoft Visual Studio Solution File, Format Version 12.00
# Visual Studio Version 16
VisualStudioVersion = 16.0.31911.196
MinimumVisualStudioVersion = 10.0.40219.1
Project("{9A19103F-16F7-4668-BE54-9A1E7A4F7556}") = "TaskPlanne", "TaskPlanne\TaskPlanne.csproj", "{5BA561DC-4B7F-4EB2-AF31-11B3F7BB09E4}"
EndProject
Project("{9A19103F-16F7-4668-BE54-9A1E7A4F7556}") = "TaskPlanne.Dominio", "TaskPlanne.Dominio\TaskPlanne.Dominio.csproj", "{FAC1B303-A31F-433F-ACA8-4DEE34B0D599}"
EndProject
Project("{9A19103F-16F7-4668-BE54-9A1E7A4F7556}") = "TaskPlanne.Persistencia", "TaskPlanne.Persistencia\TaskPlanne.Persistencia.csproj", "{5FD8D059-D1B0-4954-BA59-E10E1389E338}"
EndProject
Project("{FAE04EC0-301F-11D3-BF4B-00C04F79EFBC}") = "TaskPlanne.Aplicacao", "TaskPlanne.Aplicacao\TaskPlanne.Aplicacao.csproj", "{2DBC8FAA-E512-482F-B8CC-D0CE123CABEC}"
EndProject
Global
	GlobalSection(SolutionConfigurationPlatforms) = preSolution
		Debug|Any CPU = Debug|Any CPU
		Release|Any CPU = Release|Any CPU
	EndGlobalSection
	GlobalSection(ProjectConfigurationPlatforms) = postSolution
		{5BA561DC-4B7F-4EB2-AF31-11B3F7BB09E4}.Debug|Any CPU.ActiveCfg = Debug|Any CPU
		{5BA561DC-4B7F-4EB2-AF31-11B3F7BB09E4}.Debug|Any CPU.Build.0 = Debug|Any CPU
		{5BA561DC-4B7F-4EB2-AF31-11B3F7BB09E4}.Release|Any CPU.ActiveCfg = Release|Any CPU
		{5BA561DC-4B7F-4EB2-AF31-11B3F7BB09E4}.Release|Any CPU.Build.0 = Release|Any CPU
		{FAC1B303-A31F-433F-ACA8-4DEE34B0D599}.Debug|Any CPU.ActiveCfg = Debug|Any CPU
		{FAC1B303-A31F-433F-ACA8-4DEE34B0D599}.Debug|Any CPU.Build.0 = Debug|Any CPU
		{FAC1B303-A31F-433F-ACA8-4DEE34B0D599}.Release|Any CPU.ActiveCfg = Release|Any CPU
		{FAC1B303-A31F-433F-ACA8-4DEE34B0D599}.Release|Any CPU.Build.0 = Release|Any CPU
		{5FD8D059-D1B0-4954-BA59-E10E1389E338}.Debug|Any CPU.ActiveCfg = Debug|Any CPU
		{5FD8D059-D1B0-4954-BA59-E10E1389E338}.Debug|Any CPU.Build.0 = Debug|Any CPU
		{5FD8D059-D1B0-4954-BA59-E10E1389E338}.Release|Any CPU.ActiveCfg = Release|Any CPU
		{5FD8D059-D1B0-4954-BA59-E10E1389E338}.Release|Any CPU.Build.0 = Release|Any CPU
		{2DBC8FAA-E512-482F-B8CC-D0CE123CABEC}.Debug|Any CPU.ActiveCfg = Debug|Any CPU
		{2DBC8FAA-E512-482F-B8CC-D0CE123CABEC}.Debug|Any CPU.Build.0 = Debug|Any CPU
		{2DBC8FAA-E512-482F-B8CC-D0CE123CABEC}.Release|Any CPU.ActiveCfg = Release|Any CPU
		{2DBC8FAA-E512-482F-B8CC-D0CE123CABEC}.Release|Any CPU.Build.0 = Release|Any CPU
	EndGlobalSection
	GlobalSection(SolutionProperties) = preSolution
		HideSolutionNode = FALSE
	EndGlobalSection
	GlobalSection(ExtensibilityGlobals) = postSolution
		SolutionGuid = {EE6ABF68-5003-4F60-9C79-92CA1058C816}
	EndGlobalSection
EndGlobal
